
Microsoft Visual Studio Solution File, Format Version 12.00
# Visual Studio 2017
Project("{FAE04EC0-301F-11D3-BF4B-00C04F79EFBC}") = "3900Project", "3900Project.csproj", "{09DDFA5C-5F0C-6397-B4AE-28F3F35F63D1}"
EndProject
Project("{FAE04EC0-301F-11D3-BF4B-00C04F79EFBC}") = "3900Project.Editor", "3900Project.Editor.csproj", "{45A4EB9D-A317-4106-2F8D-6B6EF2DA7544}"
EndProject
Global
	GlobalSection(SolutionConfigurationPlatforms) = preSolution
		Debug|Any CPU = Debug|Any CPU
		Release|Any CPU = Release|Any CPU
	EndGlobalSection
	GlobalSection(ProjectConfigurationPlatforms) = postSolution
		{09DDFA5C-5F0C-6397-B4AE-28F3F35F63D1}.Debug|Any CPU.ActiveCfg = Debug|Any CPU
		{09DDFA5C-5F0C-6397-B4AE-28F3F35F63D1}.Debug|Any CPU.Build.0 = Debug|Any CPU
		{09DDFA5C-5F0C-6397-B4AE-28F3F35F63D1}.Release|Any CPU.ActiveCfg = Release|Any CPU
		{09DDFA5C-5F0C-6397-B4AE-28F3F35F63D1}.Release|Any CPU.Build.0 = Release|Any CPU
		{45A4EB9D-A317-4106-2F8D-6B6EF2DA7544}.Debug|Any CPU.ActiveCfg = Debug|Any CPU
		{45A4EB9D-A317-4106-2F8D-6B6EF2DA7544}.Debug|Any CPU.Build.0 = Debug|Any CPU
		{45A4EB9D-A317-4106-2F8D-6B6EF2DA7544}.Release|Any CPU.ActiveCfg = Release|Any CPU
		{45A4EB9D-A317-4106-2F8D-6B6EF2DA7544}.Release|Any CPU.Build.0 = Release|Any CPU
	EndGlobalSection
	GlobalSection(SolutionProperties) = preSolution
		HideSolutionNode = FALSE
	EndGlobalSection
EndGlobal
